
Microsoft Visual Studio Solution File, Format Version 12.00
# Visual Studio 15
VisualStudioVersion = 15.0.28307.902
MinimumVisualStudioVersion = 10.0.40219.1
Project("{FAE04EC0-301F-11D3-BF4B-00C04F79EFBC}") = "JsonViewer", "JsonViewer\JsonViewer.csproj", "{734724FC-1744-48E6-83F4-730A2D318D9F}"
EndProject
Global
	GlobalSection(SolutionConfigurationPlatforms) = preSolution
		Debug|Any CPU = Debug|Any CPU
		Release|Any CPU = Release|Any CPU
	EndGlobalSection
	GlobalSection(ProjectConfigurationPlatforms) = postSolution
		{734724FC-1744-48E6-83F4-730A2D318D9F}.Debug|Any CPU.ActiveCfg = Debug|Any CPU
		{734724FC-1744-48E6-83F4-730A2D318D9F}.Debug|Any CPU.Build.0 = Debug|Any CPU
		{734724FC-1744-48E6-83F4-730A2D318D9F}.Release|Any CPU.ActiveCfg = Release|Any CPU
		{734724FC-1744-48E6-83F4-730A2D318D9F}.Release|Any CPU.Build.0 = Release|Any CPU
	EndGlobalSection
	GlobalSection(SolutionProperties) = preSolution
		HideSolutionNode = FALSE
	EndGlobalSection
	GlobalSection(ExtensibilityGlobals) = postSolution
		SolutionGuid = {6E2BA067-EBAF-44AC-97E4-AD58616D2B74}
	EndGlobalSection
EndGlobal
